{
  "requires": true,
  "lockfileVersion": 1,
  "dependencies": {
    "simple-icons": {
      "version": "2.8.0",
      "resolved": "https://registry.npmjs.org/simple-icons/-/simple-icons-2.8.0.tgz",
      "integrity": "sha512-aIZ2mS9TIe0apTPFHZPTmxgP50ThiNOkGlxq/OahupRHLOGNDalSQKmhMAc/f0SZbOfvec4W+4BKcoLZ3hBH1w=="
    }
  }
}
